
Microsoft Visual Studio Solution File, Format Version 12.00
# Visual Studio 15
VisualStudioVersion = 15.0.26228.9
MinimumVisualStudioVersion = 10.0.40219.1
Project("{8BC9CEB8-8B4A-11D0-8D11-00A0C91BC942}") = "Worker", "Workers\Workers.vcxproj", "{A95F0060-3174-43B5-8774-ABE458D28B0E}"
EndProject
Project("{8BC9CEB8-8B4A-11D0-8D11-00A0C91BC942}") = "FilterText", "FilterText\FilterText.vcxproj", "{D2C94D71-BDBE-41CD-81FA-A626D4406C2E}"
	ProjectSection(ProjectDependencies) = postProject
		{A95F0060-3174-43B5-8774-ABE458D28B0E} = {A95F0060-3174-43B5-8774-ABE458D28B0E}
	EndProjectSection
EndProject
Global
	GlobalSection(SolutionConfigurationPlatforms) = preSolution
		Debug|x64 = Debug|x64
		Debug|x86 = Debug|x86
		Release|x64 = Release|x64
		Release|x86 = Release|x86
	EndGlobalSection
	GlobalSection(ProjectConfigurationPlatforms) = postSolution
		{A95F0060-3174-43B5-8774-ABE458D28B0E}.Debug|x64.ActiveCfg = Debug|x64
		{A95F0060-3174-43B5-8774-ABE458D28B0E}.Debug|x64.Build.0 = Debug|x64
		{A95F0060-3174-43B5-8774-ABE458D28B0E}.Debug|x86.ActiveCfg = Debug|Win32
		{A95F0060-3174-43B5-8774-ABE458D28B0E}.Debug|x86.Build.0 = Debug|Win32
		{A95F0060-3174-43B5-8774-ABE458D28B0E}.Release|x64.ActiveCfg = Release|x64
		{A95F0060-3174-43B5-8774-ABE458D28B0E}.Release|x64.Build.0 = Release|x64
		{A95F0060-3174-43B5-8774-ABE458D28B0E}.Release|x86.ActiveCfg = Release|Win32
		{A95F0060-3174-43B5-8774-ABE458D28B0E}.Release|x86.Build.0 = Release|Win32
		{D2C94D71-BDBE-41CD-81FA-A626D4406C2E}.Debug|x64.ActiveCfg = Debug|x64
		{D2C94D71-BDBE-41CD-81FA-A626D4406C2E}.Debug|x64.Build.0 = Debug|x64
		{D2C94D71-BDBE-41CD-81FA-A626D4406C2E}.Debug|x86.ActiveCfg = Debug|Win32
		{D2C94D71-BDBE-41CD-81FA-A626D4406C2E}.Debug|x86.Build.0 = Debug|Win32
		{D2C94D71-BDBE-41CD-81FA-A626D4406C2E}.Release|x64.ActiveCfg = Release|x64
		{D2C94D71-BDBE-41CD-81FA-A626D4406C2E}.Release|x64.Build.0 = Release|x64
		{D2C94D71-BDBE-41CD-81FA-A626D4406C2E}.Release|x86.ActiveCfg = Release|Win32
		{D2C94D71-BDBE-41CD-81FA-A626D4406C2E}.Release|x86.Build.0 = Release|Win32
	EndGlobalSection
	GlobalSection(SolutionProperties) = preSolution
		HideSolutionNode = FALSE
	EndGlobalSection
EndGlobal
